
Microsoft Visual Studio Solution File, Format Version 12.00
# Visual Studio Version 17
VisualStudioVersion = 17.4.33122.133
MinimumVisualStudioVersion = 10.0.40219.1
Project("{9A19103F-16F7-4668-BE54-9A1E7A4F7556}") = "WpfApp1", "WpfApp1\WpfApp1.csproj", "{ED8E6FAF-65E3-4F14-81BE-836CA5868A59}"
EndProject
Project("{9A19103F-16F7-4668-BE54-9A1E7A4F7556}") = "WpfApp1.Tests", "WpfApp1.Tests\WpfApp1.Tests.csproj", "{A245D81A-11D7-475F-AE04-81B004AE31BD}"
EndProject
Project("{FAE04EC0-301F-11D3-BF4B-00C04F79EFBC}") = "WpfApp1.Bibliotheque", "WpfApp1.Bibliotheque\WpfApp1.Bibliotheque.csproj", "{7B043BDC-B55B-403B-B4F9-82D23AA79F25}"
EndProject
Global
	GlobalSection(SolutionConfigurationPlatforms) = preSolution
		Debug|Any CPU = Debug|Any CPU
		Release|Any CPU = Release|Any CPU
	EndGlobalSection
	GlobalSection(ProjectConfigurationPlatforms) = postSolution
		{ED8E6FAF-65E3-4F14-81BE-836CA5868A59}.Debug|Any CPU.ActiveCfg = Debug|Any CPU
		{ED8E6FAF-65E3-4F14-81BE-836CA5868A59}.Debug|Any CPU.Build.0 = Debug|Any CPU
		{ED8E6FAF-65E3-4F14-81BE-836CA5868A59}.Release|Any CPU.ActiveCfg = Release|Any CPU
		{ED8E6FAF-65E3-4F14-81BE-836CA5868A59}.Release|Any CPU.Build.0 = Release|Any CPU
		{A245D81A-11D7-475F-AE04-81B004AE31BD}.Debug|Any CPU.ActiveCfg = Debug|Any CPU
		{A245D81A-11D7-475F-AE04-81B004AE31BD}.Debug|Any CPU.Build.0 = Debug|Any CPU
		{A245D81A-11D7-475F-AE04-81B004AE31BD}.Release|Any CPU.ActiveCfg = Release|Any CPU
		{A245D81A-11D7-475F-AE04-81B004AE31BD}.Release|Any CPU.Build.0 = Release|Any CPU
		{7B043BDC-B55B-403B-B4F9-82D23AA79F25}.Debug|Any CPU.ActiveCfg = Debug|Any CPU
		{7B043BDC-B55B-403B-B4F9-82D23AA79F25}.Debug|Any CPU.Build.0 = Debug|Any CPU
		{7B043BDC-B55B-403B-B4F9-82D23AA79F25}.Release|Any CPU.ActiveCfg = Release|Any CPU
		{7B043BDC-B55B-403B-B4F9-82D23AA79F25}.Release|Any CPU.Build.0 = Release|Any CPU
	EndGlobalSection
	GlobalSection(SolutionProperties) = preSolution
		HideSolutionNode = FALSE
	EndGlobalSection
	GlobalSection(ExtensibilityGlobals) = postSolution
		SolutionGuid = {01706124-0BB1-40FA-B483-88C6A26262A4}
	EndGlobalSection
EndGlobal
